{
  "version": 4,
  "terraform_version": "1.2.7",
  "serial": 9,
  "lineage": "32d8dad2-78c5-f69a-e083-eebff9c1573e",
  "outputs": {},
  "resources": [
    {
      "mode": "managed",
      "type": "azurerm_resource_group",
      "name": "resourcegroup",
      "provider": "provider[\"registry.terraform.io/hashicorp/azurerm\"]",
      "instances": [
        {
          "schema_version": 0,
          "attributes": {
            "id": "/subscriptions/cc7b1513-5bf6-41fb-b528-fb9281164880/resourceGroups/thornterraRGVarfromTFVARS",
            "location": "uksouth",
            "name": "thornterraRGVarfromTFVARS",
            "tags": {
              "environment": "lab",
              "owner": "Tom"
            },
            "timeouts": null
          },
          "sensitive_attributes": [],
          "private": "eyJlMmJmYjczMC1lY2FhLTExZTYtOGY4OC0zNDM2M2JjN2M0YzAiOnsiY3JlYXRlIjo1NDAwMDAwMDAwMDAwLCJkZWxldGUiOjU0MDAwMDAwMDAwMDAsInJlYWQiOjMwMDAwMDAwMDAwMCwidXBkYXRlIjo1NDAwMDAwMDAwMDAwfX0="
        }
      ]
    },
    {
      "mode": "managed",
      "type": "azurerm_storage_account",
      "name": "example",
      "provider": "provider[\"registry.terraform.io/hashicorp/azurerm\"]",
      "instances": [
        {
          "schema_version": 3,
          "attributes": {
            "access_tier": "Hot",
            "account_kind": "StorageV2",
            "account_replication_type": "GRS",
            "account_tier": "Standard",
            "allow_nested_items_to_be_public": true,
            "azure_files_authentication": [],
            "blob_properties": [
              {
                "change_feed_enabled": false,
                "change_feed_retention_in_days": 0,
                "container_delete_retention_policy": [],
                "cors_rule": [],
                "default_service_version": "",
                "delete_retention_policy": [],
                "last_access_time_enabled": false,
                "versioning_enabled": false
              }
            ],
            "cross_tenant_replication_enabled": true,
            "custom_domain": [],
            "customer_managed_key": [],
            "default_to_oauth_authentication": false,
            "edge_zone": "",
            "enable_https_traffic_only": true,
            "id": "/subscriptions/cc7b1513-5bf6-41fb-b528-fb9281164880/resourceGroups/thornterraRGVarfromTFVARS/providers/Microsoft.Storage/storageAccounts/thornstgact524",
            "identity": [],
            "infrastructure_encryption_enabled": false,
            "is_hns_enabled": false,
            "large_file_share_enabled": null,
            "location": "uksouth",
            "min_tls_version": "TLS1_2",
            "name": "thornstgact524",
            "network_rules": [
              {
                "bypass": [
                  "AzureServices"
                ],
                "default_action": "Allow",
                "ip_rules": [],
                "private_link_access": [],
                "virtual_network_subnet_ids": []
              }
            ],
            "nfsv3_enabled": false,
            "primary_access_key": "Yem6hHPJUg3oXBFkmD/2kmdaHJkywIKPwUIdSUCYu+tK6GDkptqY0xSf89kNj2SpHuRlnKhhDDcD+ASt5yehXw==",
            "primary_blob_connection_string": "DefaultEndpointsProtocol=https;BlobEndpoint=https://thornstgact524.blob.core.windows.net/;AccountName=thornstgact524;AccountKey=Yem6hHPJUg3oXBFkmD/2kmdaHJkywIKPwUIdSUCYu+tK6GDkptqY0xSf89kNj2SpHuRlnKhhDDcD+ASt5yehXw==",
            "primary_blob_endpoint": "https://thornstgact524.blob.core.windows.net/",
            "primary_blob_host": "thornstgact524.blob.core.windows.net",
            "primary_connection_string": "DefaultEndpointsProtocol=https;AccountName=thornstgact524;AccountKey=Yem6hHPJUg3oXBFkmD/2kmdaHJkywIKPwUIdSUCYu+tK6GDkptqY0xSf89kNj2SpHuRlnKhhDDcD+ASt5yehXw==;EndpointSuffix=core.windows.net",
            "primary_dfs_endpoint": "https://thornstgact524.dfs.core.windows.net/",
            "primary_dfs_host": "thornstgact524.dfs.core.windows.net",
            "primary_file_endpoint": "https://thornstgact524.file.core.windows.net/",
            "primary_file_host": "thornstgact524.file.core.windows.net",
            "primary_location": "uksouth",
            "primary_queue_endpoint": "https://thornstgact524.queue.core.windows.net/",
            "primary_queue_host": "thornstgact524.queue.core.windows.net",
            "primary_table_endpoint": "https://thornstgact524.table.core.windows.net/",
            "primary_table_host": "thornstgact524.table.core.windows.net",
            "primary_web_endpoint": "https://thornstgact524.z33.web.core.windows.net/",
            "primary_web_host": "thornstgact524.z33.web.core.windows.net",
            "public_network_access_enabled": true,
            "queue_encryption_key_type": "Service",
            "queue_properties": [
              {
                "cors_rule": [],
                "hour_metrics": [
                  {
                    "enabled": true,
                    "include_apis": true,
                    "retention_policy_days": 7,
                    "version": "1.0"
                  }
                ],
                "logging": [
                  {
                    "delete": false,
                    "read": false,
                    "retention_policy_days": 0,
                    "version": "1.0",
                    "write": false
                  }
                ],
                "minute_metrics": [
                  {
                    "enabled": false,
                    "include_apis": false,
                    "retention_policy_days": 0,
                    "version": "1.0"
                  }
                ]
              }
            ],
            "resource_group_name": "thornterraRGVarfromTFVARS",
            "routing": [],
            "secondary_access_key": "aMOWPeKOhtPvkaoOUMecu88OY7SGfMZ3p2Uo3FLgj53syGyOFnyEM7FcPgJKOh+JovmWlmgh/sL4+ASt0N98Bg==",
            "secondary_blob_connection_string": "",
            "secondary_blob_endpoint": null,
            "secondary_blob_host": null,
            "secondary_connection_string": "DefaultEndpointsProtocol=https;AccountName=thornstgact524;AccountKey=aMOWPeKOhtPvkaoOUMecu88OY7SGfMZ3p2Uo3FLgj53syGyOFnyEM7FcPgJKOh+JovmWlmgh/sL4+ASt0N98Bg==;EndpointSuffix=core.windows.net",
            "secondary_dfs_endpoint": null,
            "secondary_dfs_host": null,
            "secondary_file_endpoint": null,
            "secondary_file_host": null,
            "secondary_location": "ukwest",
            "secondary_queue_endpoint": null,
            "secondary_queue_host": null,
            "secondary_table_endpoint": null,
            "secondary_table_host": null,
            "secondary_web_endpoint": null,
            "secondary_web_host": null,
            "share_properties": [
              {
                "cors_rule": [],
                "retention_policy": [
                  {
                    "days": 7
                  }
                ],
                "smb": []
              }
            ],
            "shared_access_key_enabled": true,
            "static_website": [],
            "table_encryption_key_type": "Service",
            "tags": {
              "environment": "lab",
              "owner": "Tom"
            },
            "timeouts": null
          },
          "sensitive_attributes": [],
          "private": "eyJlMmJmYjczMC1lY2FhLTExZTYtOGY4OC0zNDM2M2JjN2M0YzAiOnsiY3JlYXRlIjozNjAwMDAwMDAwMDAwLCJkZWxldGUiOjM2MDAwMDAwMDAwMDAsInJlYWQiOjMwMDAwMDAwMDAwMCwidXBkYXRlIjozNjAwMDAwMDAwMDAwfSwic2NoZW1hX3ZlcnNpb24iOiIzIn0=",
          "dependencies": [
            "azurerm_resource_group.resourcegroup"
          ]
        }
      ]
    }
  ]
}
