{
  "version": 4,
  "terraform_version": "1.2.7",
  "serial": 175,
  "lineage": "e729441f-7291-ce35-7335-9bf822fe85a9",
  "outputs": {
    "load_balancer_name": {
      "value": "lb01",
      "type": "string"
    },
    "location": {
      "value": "ukwest",
      "type": "string"
    },
    "public_ip_address": {
      "value": "20.254.165.10",
      "type": "string"
    },
    "resource_group_name": {
      "value": "thorn-terraformtest-rg",
      "type": "string"
    },
    "subnet_prefixes": {
      "value": "10.0.1.0/24",
      "type": "string"
    },
    "vnet_address_space": {
      "value": "10.0.0.0/16",
      "type": "string"
    }
  },
  "resources": [
    {
      "mode": "managed",
      "type": "azurerm_lb",
      "name": "test",
      "provider": "provider[\"registry.terraform.io/hashicorp/azurerm\"]",
      "instances": [
        {
          "schema_version": 0,
          "attributes": {
            "edge_zone": "",
            "frontend_ip_configuration": [
              {
                "gateway_load_balancer_frontend_ip_configuration_id": "",
                "id": "/subscriptions/cc7b1513-5bf6-41fb-b528-fb9281164880/resourceGroups/thorn-terraformtest-rg/providers/Microsoft.Network/loadBalancers/lb01/frontendIPConfigurations/publicipaddress",
                "inbound_nat_rules": [],
                "load_balancer_rules": [],
                "name": "publicipaddress",
                "outbound_rules": [],
                "private_ip_address": "",
                "private_ip_address_allocation": "Dynamic",
                "private_ip_address_version": "",
                "public_ip_address_id": "/subscriptions/cc7b1513-5bf6-41fb-b528-fb9281164880/resourceGroups/thorn-terraformtest-rg/providers/Microsoft.Network/publicIPAddresses/publicipforLB",
                "public_ip_prefix_id": "",
                "subnet_id": "",
                "zones": null
              }
            ],
            "id": "/subscriptions/cc7b1513-5bf6-41fb-b528-fb9281164880/resourceGroups/thorn-terraformtest-rg/providers/Microsoft.Network/loadBalancers/lb01",
            "location": "ukwest",
            "name": "lb01",
            "private_ip_address": "",
            "private_ip_addresses": [],
            "resource_group_name": "thorn-terraformtest-rg",
            "sku": "Standard",
            "sku_tier": "Regional",
            "tags": null,
            "timeouts": null
          },
          "sensitive_attributes": [],
          "private": "eyJlMmJmYjczMC1lY2FhLTExZTYtOGY4OC0zNDM2M2JjN2M0YzAiOnsiY3JlYXRlIjoxODAwMDAwMDAwMDAwLCJkZWxldGUiOjE4MDAwMDAwMDAwMDAsInJlYWQiOjMwMDAwMDAwMDAwMCwidXBkYXRlIjoxODAwMDAwMDAwMDAwfX0=",
          "dependencies": [
            "azurerm_public_ip.test",
            "azurerm_resource_group.test"
          ]
        }
      ]
    },
    {
      "mode": "managed",
      "type": "azurerm_lb_backend_address_pool",
      "name": "test",
      "provider": "provider[\"registry.terraform.io/hashicorp/azurerm\"]",
      "instances": [
        {
          "schema_version": 0,
          "attributes": {
            "backend_ip_configurations": [],
            "id": "/subscriptions/cc7b1513-5bf6-41fb-b528-fb9281164880/resourceGroups/thorn-terraformtest-rg/providers/Microsoft.Network/loadBalancers/lb01/backendAddressPools/BackEndAddressPool",
            "load_balancing_rules": [],
            "loadbalancer_id": "/subscriptions/cc7b1513-5bf6-41fb-b528-fb9281164880/resourceGroups/thorn-terraformtest-rg/providers/Microsoft.Network/loadBalancers/lb01",
            "name": "BackEndAddressPool",
            "outbound_rules": [],
            "timeouts": null,
            "tunnel_interface": []
          },
          "sensitive_attributes": [],
          "private": "eyJlMmJmYjczMC1lY2FhLTExZTYtOGY4OC0zNDM2M2JjN2M0YzAiOnsiY3JlYXRlIjoxODAwMDAwMDAwMDAwLCJkZWxldGUiOjE4MDAwMDAwMDAwMDAsInJlYWQiOjMwMDAwMDAwMDAwMCwidXBkYXRlIjoxODAwMDAwMDAwMDAwfX0=",
          "dependencies": [
            "azurerm_lb.test",
            "azurerm_public_ip.test",
            "azurerm_resource_group.test"
          ]
        }
      ]
    },
    {
      "mode": "managed",
      "type": "azurerm_lb_nat_pool",
      "name": "test",
      "provider": "provider[\"registry.terraform.io/hashicorp/azurerm\"]",
      "instances": [
        {
          "schema_version": 0,
          "attributes": {
            "backend_port": 22,
            "floating_ip_enabled": false,
            "frontend_ip_configuration_id": "/subscriptions/cc7b1513-5bf6-41fb-b528-fb9281164880/resourceGroups/thorn-terraformtest-rg/providers/Microsoft.Network/loadBalancers/lb01/frontendIPConfigurations/publicipaddress",
            "frontend_ip_configuration_name": "publicipaddress",
            "frontend_port_end": 50119,
            "frontend_port_start": 50000,
            "id": "/subscriptions/cc7b1513-5bf6-41fb-b528-fb9281164880/resourceGroups/thorn-terraformtest-rg/providers/Microsoft.Network/loadBalancers/lb01/inboundNatPools/ssh",
            "idle_timeout_in_minutes": 4,
            "loadbalancer_id": "/subscriptions/cc7b1513-5bf6-41fb-b528-fb9281164880/resourceGroups/thorn-terraformtest-rg/providers/Microsoft.Network/loadBalancers/lb01",
            "name": "ssh",
            "protocol": "Tcp",
            "resource_group_name": "thorn-terraformtest-rg",
            "tcp_reset_enabled": false,
            "timeouts": null
          },
          "sensitive_attributes": [],
          "private": "eyJlMmJmYjczMC1lY2FhLTExZTYtOGY4OC0zNDM2M2JjN2M0YzAiOnsiY3JlYXRlIjoxODAwMDAwMDAwMDAwLCJkZWxldGUiOjE4MDAwMDAwMDAwMDAsInJlYWQiOjMwMDAwMDAwMDAwMCwidXBkYXRlIjoxODAwMDAwMDAwMDAwfX0=",
          "dependencies": [
            "azurerm_lb.test",
            "azurerm_public_ip.test",
            "azurerm_resource_group.test"
          ]
        }
      ]
    },
    {
      "mode": "managed",
      "type": "azurerm_lb_nat_rule",
      "name": "test",
      "provider": "provider[\"registry.terraform.io/hashicorp/azurerm\"]",
      "instances": [
        {
          "schema_version": 0,
          "attributes": {
            "backend_ip_configuration_id": "",
            "backend_port": 3389,
            "enable_floating_ip": false,
            "enable_tcp_reset": false,
            "frontend_ip_configuration_id": "/subscriptions/cc7b1513-5bf6-41fb-b528-fb9281164880/resourceGroups/thorn-terraformtest-rg/providers/Microsoft.Network/loadBalancers/lb01/frontendIPConfigurations/publicipaddress",
            "frontend_ip_configuration_name": "publicipaddress",
            "frontend_port": 3389,
            "id": "/subscriptions/cc7b1513-5bf6-41fb-b528-fb9281164880/resourceGroups/thorn-terraformtest-rg/providers/Microsoft.Network/loadBalancers/lb01/inboundNatRules/RDPAccess",
            "idle_timeout_in_minutes": 4,
            "loadbalancer_id": "/subscriptions/cc7b1513-5bf6-41fb-b528-fb9281164880/resourceGroups/thorn-terraformtest-rg/providers/Microsoft.Network/loadBalancers/lb01",
            "name": "RDPAccess",
            "protocol": "Tcp",
            "resource_group_name": "thorn-terraformtest-rg",
            "timeouts": null
          },
          "sensitive_attributes": [],
          "private": "eyJlMmJmYjczMC1lY2FhLTExZTYtOGY4OC0zNDM2M2JjN2M0YzAiOnsiY3JlYXRlIjoxODAwMDAwMDAwMDAwLCJkZWxldGUiOjE4MDAwMDAwMDAwMDAsInJlYWQiOjMwMDAwMDAwMDAwMCwidXBkYXRlIjoxODAwMDAwMDAwMDAwfX0=",
          "dependencies": [
            "azurerm_lb.test",
            "azurerm_public_ip.test",
            "azurerm_resource_group.test"
          ]
        }
      ]
    },
    {
      "mode": "managed",
      "type": "azurerm_lb_outbound_rule",
      "name": "test",
      "provider": "provider[\"registry.terraform.io/hashicorp/azurerm\"]",
      "instances": [
        {
          "schema_version": 0,
          "attributes": {
            "allocated_outbound_ports": 1024,
            "backend_address_pool_id": "/subscriptions/cc7b1513-5bf6-41fb-b528-fb9281164880/resourceGroups/thorn-terraformtest-rg/providers/Microsoft.Network/loadBalancers/lb01/backendAddressPools/BackEndAddressPool",
            "enable_tcp_reset": false,
            "frontend_ip_configuration": [
              {
                "id": "/subscriptions/cc7b1513-5bf6-41fb-b528-fb9281164880/resourceGroups/thorn-terraformtest-rg/providers/Microsoft.Network/loadBalancers/lb01/frontendIPConfigurations/publicipaddress",
                "name": "publicipaddress"
              }
            ],
            "id": "/subscriptions/cc7b1513-5bf6-41fb-b528-fb9281164880/resourceGroups/thorn-terraformtest-rg/providers/Microsoft.Network/loadBalancers/lb01/outboundRules/myObRule",
            "idle_timeout_in_minutes": 4,
            "loadbalancer_id": "/subscriptions/cc7b1513-5bf6-41fb-b528-fb9281164880/resourceGroups/thorn-terraformtest-rg/providers/Microsoft.Network/loadBalancers/lb01",
            "name": "myObRule",
            "protocol": "Tcp",
            "timeouts": null
          },
          "sensitive_attributes": [],
          "private": "eyJlMmJmYjczMC1lY2FhLTExZTYtOGY4OC0zNDM2M2JjN2M0YzAiOnsiY3JlYXRlIjoxODAwMDAwMDAwMDAwLCJkZWxldGUiOjE4MDAwMDAwMDAwMDAsInJlYWQiOjMwMDAwMDAwMDAwMCwidXBkYXRlIjoxODAwMDAwMDAwMDAwfX0=",
          "dependencies": [
            "azurerm_lb.test",
            "azurerm_lb_backend_address_pool.test",
            "azurerm_public_ip.test",
            "azurerm_resource_group.test"
          ]
        }
      ]
    },
    {
      "mode": "managed",
      "type": "azurerm_lb_probe",
      "name": "test",
      "provider": "provider[\"registry.terraform.io/hashicorp/azurerm\"]",
      "instances": [
        {
          "schema_version": 0,
          "attributes": {
            "id": "/subscriptions/cc7b1513-5bf6-41fb-b528-fb9281164880/resourceGroups/thorn-terraformtest-rg/providers/Microsoft.Network/loadBalancers/lb01/probes/http-probe",
            "interval_in_seconds": 15,
            "load_balancer_rules": [],
            "loadbalancer_id": "/subscriptions/cc7b1513-5bf6-41fb-b528-fb9281164880/resourceGroups/thorn-terraformtest-rg/providers/Microsoft.Network/loadBalancers/lb01",
            "name": "http-probe",
            "number_of_probes": 2,
            "port": 80,
            "protocol": "Http",
            "request_path": "/",
            "timeouts": null
          },
          "sensitive_attributes": [],
          "private": "eyJlMmJmYjczMC1lY2FhLTExZTYtOGY4OC0zNDM2M2JjN2M0YzAiOnsiY3JlYXRlIjoxODAwMDAwMDAwMDAwLCJkZWxldGUiOjE4MDAwMDAwMDAwMDAsInJlYWQiOjMwMDAwMDAwMDAwMCwidXBkYXRlIjoxODAwMDAwMDAwMDAwfX0=",
          "dependencies": [
            "azurerm_lb.test",
            "azurerm_public_ip.test",
            "azurerm_resource_group.test"
          ]
        }
      ]
    },
    {
      "mode": "managed",
      "type": "azurerm_lb_rule",
      "name": "test",
      "provider": "provider[\"registry.terraform.io/hashicorp/azurerm\"]",
      "instances": [
        {
          "schema_version": 0,
          "attributes": {
            "backend_address_pool_ids": null,
            "backend_port": 4001,
            "disable_outbound_snat": true,
            "enable_floating_ip": true,
            "enable_tcp_reset": false,
            "frontend_ip_configuration_id": "/subscriptions/cc7b1513-5bf6-41fb-b528-fb9281164880/resourceGroups/thorn-terraformtest-rg/providers/Microsoft.Network/loadBalancers/lb01/frontendIPConfigurations/publicipaddress",
            "frontend_ip_configuration_name": "publicipaddress",
            "frontend_port": 4001,
            "id": "/subscriptions/cc7b1513-5bf6-41fb-b528-fb9281164880/resourceGroups/thorn-terraformtest-rg/providers/Microsoft.Network/loadBalancers/lb01/loadBalancingRules/myLbRule",
            "idle_timeout_in_minutes": 4,
            "load_distribution": "Default",
            "loadbalancer_id": "/subscriptions/cc7b1513-5bf6-41fb-b528-fb9281164880/resourceGroups/thorn-terraformtest-rg/providers/Microsoft.Network/loadBalancers/lb01",
            "name": "myLbRule",
            "probe_id": "",
            "protocol": "Tcp",
            "timeouts": null
          },
          "sensitive_attributes": [],
          "private": "eyJlMmJmYjczMC1lY2FhLTExZTYtOGY4OC0zNDM2M2JjN2M0YzAiOnsiY3JlYXRlIjoxODAwMDAwMDAwMDAwLCJkZWxldGUiOjE4MDAwMDAwMDAwMDAsInJlYWQiOjMwMDAwMDAwMDAwMCwidXBkYXRlIjoxODAwMDAwMDAwMDAwfX0=",
          "dependencies": [
            "azurerm_lb.test",
            "azurerm_public_ip.test",
            "azurerm_resource_group.test"
          ]
        }
      ]
    },
    {
      "mode": "managed",
      "type": "azurerm_network_interface",
      "name": "test",
      "provider": "provider[\"registry.terraform.io/hashicorp/azurerm\"]",
      "instances": [
        {
          "schema_version": 0,
          "attributes": {
            "applied_dns_servers": [],
            "dns_servers": [],
            "edge_zone": "",
            "enable_accelerated_networking": false,
            "enable_ip_forwarding": false,
            "id": "/subscriptions/cc7b1513-5bf6-41fb-b528-fb9281164880/resourceGroups/thorn-terraformtest-rg/providers/Microsoft.Network/networkInterfaces/nic01",
            "internal_dns_name_label": "",
            "internal_domain_name_suffix": "afjfxm3n1uqu1hsordnoocfhfb.cwx.internal.cloudapp.net",
            "ip_configuration": [
              {
                "gateway_load_balancer_frontend_ip_configuration_id": "",
                "name": "internal",
                "primary": true,
                "private_ip_address": "10.0.1.4",
                "private_ip_address_allocation": "Dynamic",
                "private_ip_address_version": "IPv4",
                "public_ip_address_id": "",
                "subnet_id": "/subscriptions/cc7b1513-5bf6-41fb-b528-fb9281164880/resourceGroups/thorn-terraformtest-rg/providers/Microsoft.Network/virtualNetworks/testvnet/subnets/testsubnet"
              }
            ],
            "location": "ukwest",
            "mac_address": "",
            "name": "nic01",
            "private_ip_address": "10.0.1.4",
            "private_ip_addresses": [
              "10.0.1.4"
            ],
            "resource_group_name": "thorn-terraformtest-rg",
            "tags": null,
            "timeouts": null,
            "virtual_machine_id": ""
          },
          "sensitive_attributes": [],
          "private": "eyJlMmJmYjczMC1lY2FhLTExZTYtOGY4OC0zNDM2M2JjN2M0YzAiOnsiY3JlYXRlIjoxODAwMDAwMDAwMDAwLCJkZWxldGUiOjE4MDAwMDAwMDAwMDAsInJlYWQiOjMwMDAwMDAwMDAwMCwidXBkYXRlIjoxODAwMDAwMDAwMDAwfX0=",
          "dependencies": [
            "azurerm_resource_group.test",
            "azurerm_subnet.test",
            "azurerm_virtual_network.test"
          ]
        }
      ]
    },
    {
      "mode": "managed",
      "type": "azurerm_network_security_group",
      "name": "test",
      "provider": "provider[\"registry.terraform.io/hashicorp/azurerm\"]",
      "instances": [
        {
          "schema_version": 0,
          "attributes": {
            "id": "/subscriptions/cc7b1513-5bf6-41fb-b528-fb9281164880/resourceGroups/thorn-terraformtest-rg/providers/Microsoft.Network/networkSecurityGroups/nsg01",
            "location": "ukwest",
            "name": "nsg01",
            "resource_group_name": "thorn-terraformtest-rg",
            "security_rule": [
              {
                "access": "Allow",
                "description": "",
                "destination_address_prefix": "10.160.4.0/32",
                "destination_address_prefixes": [],
                "destination_application_security_group_ids": [],
                "destination_port_range": "*",
                "destination_port_ranges": [],
                "direction": "Inbound",
                "name": "allow_tf_test_taint",
                "priority": 101,
                "protocol": "Tcp",
                "source_address_prefix": "10.160.4.0/32",
                "source_address_prefixes": [],
                "source_application_security_group_ids": [],
                "source_port_range": "*",
                "source_port_ranges": []
              }
            ],
            "tags": null,
            "timeouts": null
          },
          "sensitive_attributes": [],
          "private": "eyJlMmJmYjczMC1lY2FhLTExZTYtOGY4OC0zNDM2M2JjN2M0YzAiOnsiY3JlYXRlIjoxODAwMDAwMDAwMDAwLCJkZWxldGUiOjE4MDAwMDAwMDAwMDAsInJlYWQiOjMwMDAwMDAwMDAwMCwidXBkYXRlIjoxODAwMDAwMDAwMDAwfX0=",
          "dependencies": [
            "azurerm_resource_group.test",
            "azurerm_virtual_network.test"
          ]
        }
      ]
    },
    {
      "mode": "managed",
      "type": "azurerm_public_ip",
      "name": "test",
      "provider": "provider[\"registry.terraform.io/hashicorp/azurerm\"]",
      "instances": [
        {
          "status": "tainted",
          "schema_version": 0,
          "attributes": {
            "allocation_method": "Static",
            "domain_name_label": "thorn-terraformtest-rg",
            "edge_zone": "",
            "fqdn": "thorn-terraformtest-rg.ukwest.cloudapp.azure.com",
            "id": "/subscriptions/cc7b1513-5bf6-41fb-b528-fb9281164880/resourceGroups/thorn-terraformtest-rg/providers/Microsoft.Network/publicIPAddresses/publicipforLB",
            "idle_timeout_in_minutes": 4,
            "ip_address": "20.254.165.10",
            "ip_tags": null,
            "ip_version": "IPv4",
            "location": "ukwest",
            "name": "publicipforLB",
            "public_ip_prefix_id": null,
            "resource_group_name": "thorn-terraformtest-rg",
            "reverse_fqdn": "",
            "sku": "Standard",
            "sku_tier": "Regional",
            "tags": null,
            "timeouts": null,
            "zones": null
          },
          "sensitive_attributes": [],
          "private": "eyJlMmJmYjczMC1lY2FhLTExZTYtOGY4OC0zNDM2M2JjN2M0YzAiOnsiY3JlYXRlIjoxODAwMDAwMDAwMDAwLCJkZWxldGUiOjE4MDAwMDAwMDAwMDAsInJlYWQiOjMwMDAwMDAwMDAwMCwidXBkYXRlIjoxODAwMDAwMDAwMDAwfX0=",
          "dependencies": [
            "azurerm_resource_group.test"
          ]
        }
      ]
    },
    {
      "mode": "managed",
      "type": "azurerm_resource_group",
      "name": "test",
      "provider": "provider[\"registry.terraform.io/hashicorp/azurerm\"]",
      "instances": [
        {
          "schema_version": 0,
          "attributes": {
            "id": "/subscriptions/cc7b1513-5bf6-41fb-b528-fb9281164880/resourceGroups/thorn-terraformtest-rg",
            "location": "ukwest",
            "name": "thorn-terraformtest-rg",
            "tags": null,
            "timeouts": null
          },
          "sensitive_attributes": [],
          "private": "eyJlMmJmYjczMC1lY2FhLTExZTYtOGY4OC0zNDM2M2JjN2M0YzAiOnsiY3JlYXRlIjo1NDAwMDAwMDAwMDAwLCJkZWxldGUiOjU0MDAwMDAwMDAwMDAsInJlYWQiOjMwMDAwMDAwMDAwMCwidXBkYXRlIjo1NDAwMDAwMDAwMDAwfX0="
        }
      ]
    },
    {
      "mode": "managed",
      "type": "azurerm_subnet",
      "name": "test",
      "provider": "provider[\"registry.terraform.io/hashicorp/azurerm\"]",
      "instances": [
        {
          "schema_version": 0,
          "attributes": {
            "address_prefixes": [
              "10.0.1.0/24"
            ],
            "delegation": [],
            "enforce_private_link_endpoint_network_policies": false,
            "enforce_private_link_service_network_policies": false,
            "id": "/subscriptions/cc7b1513-5bf6-41fb-b528-fb9281164880/resourceGroups/thorn-terraformtest-rg/providers/Microsoft.Network/virtualNetworks/testvnet/subnets/testsubnet",
            "name": "testsubnet",
            "resource_group_name": "thorn-terraformtest-rg",
            "service_endpoint_policy_ids": null,
            "service_endpoints": null,
            "timeouts": null,
            "virtual_network_name": "testvnet"
          },
          "sensitive_attributes": [],
          "private": "eyJlMmJmYjczMC1lY2FhLTExZTYtOGY4OC0zNDM2M2JjN2M0YzAiOnsiY3JlYXRlIjoxODAwMDAwMDAwMDAwLCJkZWxldGUiOjE4MDAwMDAwMDAwMDAsInJlYWQiOjMwMDAwMDAwMDAwMCwidXBkYXRlIjoxODAwMDAwMDAwMDAwfX0=",
          "dependencies": [
            "azurerm_resource_group.test",
            "azurerm_virtual_network.test"
          ]
        }
      ]
    },
    {
      "mode": "managed",
      "type": "azurerm_subnet_network_security_group_association",
      "name": "test",
      "provider": "provider[\"registry.terraform.io/hashicorp/azurerm\"]",
      "instances": [
        {
          "schema_version": 0,
          "attributes": {
            "id": "/subscriptions/cc7b1513-5bf6-41fb-b528-fb9281164880/resourceGroups/thorn-terraformtest-rg/providers/Microsoft.Network/virtualNetworks/testvnet/subnets/testsubnet",
            "network_security_group_id": "/subscriptions/cc7b1513-5bf6-41fb-b528-fb9281164880/resourceGroups/thorn-terraformtest-rg/providers/Microsoft.Network/networkSecurityGroups/nsg01",
            "subnet_id": "/subscriptions/cc7b1513-5bf6-41fb-b528-fb9281164880/resourceGroups/thorn-terraformtest-rg/providers/Microsoft.Network/virtualNetworks/testvnet/subnets/testsubnet",
            "timeouts": null
          },
          "sensitive_attributes": [],
          "private": "eyJlMmJmYjczMC1lY2FhLTExZTYtOGY4OC0zNDM2M2JjN2M0YzAiOnsiY3JlYXRlIjoxODAwMDAwMDAwMDAwLCJkZWxldGUiOjE4MDAwMDAwMDAwMDAsInJlYWQiOjMwMDAwMDAwMDAwMCwidXBkYXRlIjoxODAwMDAwMDAwMDAwfX0=",
          "dependencies": [
            "azurerm_network_security_group.test",
            "azurerm_resource_group.test",
            "azurerm_subnet.test",
            "azurerm_virtual_network.test"
          ]
        }
      ]
    },
    {
      "mode": "managed",
      "type": "azurerm_virtual_machine",
      "name": "MyVM",
      "provider": "provider[\"registry.terraform.io/hashicorp/azurerm\"]",
      "instances": [
        {
          "schema_version": 0,
          "attributes": {
            "additional_capabilities": [],
            "availability_set_id": null,
            "boot_diagnostics": [],
            "delete_data_disks_on_termination": false,
            "delete_os_disk_on_termination": false,
            "id": "/subscriptions/cc7b1513-5bf6-41fb-b528-fb9281164880/resourceGroups/thorn-terraformtest-rg/providers/Microsoft.Compute/virtualMachines/vm01",
            "identity": [],
            "license_type": null,
            "location": "ukwest",
            "name": "vm01",
            "network_interface_ids": [
              "/subscriptions/cc7b1513-5bf6-41fb-b528-fb9281164880/resourceGroups/thorn-terraformtest-rg/providers/Microsoft.Network/networkInterfaces/nic01"
            ],
            "os_profile": [
              {
                "admin_password": "",
                "admin_username": "testadmin",
                "computer_name": "hostname",
                "custom_data": ""
              }
            ],
            "os_profile_linux_config": [
              {
                "disable_password_authentication": false,
                "ssh_keys": []
              }
            ],
            "os_profile_secrets": [],
            "os_profile_windows_config": [],
            "plan": [],
            "primary_network_interface_id": null,
            "proximity_placement_group_id": null,
            "resource_group_name": "thorn-terraformtest-rg",
            "storage_data_disk": [
              {
                "caching": "None",
                "create_option": "Empty",
                "disk_size_gb": 1023,
                "lun": 0,
                "managed_disk_id": "/subscriptions/cc7b1513-5bf6-41fb-b528-fb9281164880/resourceGroups/thorn-terraformtest-rg/providers/Microsoft.Compute/disks/thorn-terraformtest-rg-data",
                "managed_disk_type": "Premium_LRS",
                "name": "thorn-terraformtest-rg-data",
                "vhd_uri": "",
                "write_accelerator_enabled": false
              }
            ],
            "storage_image_reference": [
              {
                "id": "",
                "offer": "UbuntuServer",
                "publisher": "Canonical",
                "sku": "14.04.2-LTS",
                "version": "latest"
              }
            ],
            "storage_os_disk": [
              {
                "caching": "ReadWrite",
                "create_option": "FromImage",
                "disk_size_gb": 30,
                "image_uri": "",
                "managed_disk_id": "/subscriptions/cc7b1513-5bf6-41fb-b528-fb9281164880/resourceGroups/thorn-terraformtest-rg/providers/Microsoft.Compute/disks/thorn-terraformtest-rg-os",
                "managed_disk_type": "Premium_LRS",
                "name": "thorn-terraformtest-rg-os",
                "os_type": "Linux",
                "vhd_uri": "",
                "write_accelerator_enabled": false
              }
            ],
            "tags": null,
            "timeouts": null,
            "vm_size": "Standard_B1s",
            "zones": null
          },
          "sensitive_attributes": [],
          "private": "eyJlMmJmYjczMC1lY2FhLTExZTYtOGY4OC0zNDM2M2JjN2M0YzAiOnsiY3JlYXRlIjozNjAwMDAwMDAwMDAwLCJkZWxldGUiOjM2MDAwMDAwMDAwMDAsInJlYWQiOjMwMDAwMDAwMDAwMCwidXBkYXRlIjozNjAwMDAwMDAwMDAwfX0=",
          "dependencies": [
            "azurerm_network_interface.test",
            "azurerm_resource_group.test",
            "azurerm_subnet.test",
            "azurerm_virtual_network.test"
          ]
        }
      ]
    },
    {
      "mode": "managed",
      "type": "azurerm_virtual_network",
      "name": "test",
      "provider": "provider[\"registry.terraform.io/hashicorp/azurerm\"]",
      "instances": [
        {
          "schema_version": 0,
          "attributes": {
            "address_space": [
              "10.0.0.0/16"
            ],
            "bgp_community": "",
            "ddos_protection_plan": [],
            "dns_servers": [
              "10.0.0.4"
            ],
            "edge_zone": "",
            "flow_timeout_in_minutes": 0,
            "guid": "b35b5201-ddad-4d21-9e4e-88dae708a729",
            "id": "/subscriptions/cc7b1513-5bf6-41fb-b528-fb9281164880/resourceGroups/thorn-terraformtest-rg/providers/Microsoft.Network/virtualNetworks/testvnet",
            "location": "ukwest",
            "name": "testvnet",
            "resource_group_name": "thorn-terraformtest-rg",
            "subnet": [],
            "tags": null,
            "timeouts": null
          },
          "sensitive_attributes": [],
          "private": "eyJlMmJmYjczMC1lY2FhLTExZTYtOGY4OC0zNDM2M2JjN2M0YzAiOnsiY3JlYXRlIjoxODAwMDAwMDAwMDAwLCJkZWxldGUiOjE4MDAwMDAwMDAwMDAsInJlYWQiOjMwMDAwMDAwMDAwMCwidXBkYXRlIjoxODAwMDAwMDAwMDAwfX0=",
          "dependencies": [
            "azurerm_resource_group.test"
          ]
        }
      ]
    }
  ]
}
