{
  "version": 4,
  "terraform_version": "1.2.7",
  "serial": 12,
  "lineage": "b9c24bb6-d0cd-ecbf-1d39-0c43945d85e1",
  "outputs": {
    "azure_subnet_id_out": {
      "value": {
        "bastion_subnet": "/subscriptions/cc7b1513-5bf6-41fb-b528-fb9281164880/resourceGroups/thornterraformv1-rg/providers/Microsoft.Network/virtualNetworks/VnetTFTest/subnets/AzureBastionSubnet",
        "subnet_1": "/subscriptions/cc7b1513-5bf6-41fb-b528-fb9281164880/resourceGroups/thornterraformv1-rg/providers/Microsoft.Network/virtualNetworks/VnetTFTest/subnets/subnet_1",
        "subnet_2": "/subscriptions/cc7b1513-5bf6-41fb-b528-fb9281164880/resourceGroups/thornterraformv1-rg/providers/Microsoft.Network/virtualNetworks/VnetTFTest/subnets/subnet_2",
        "subnet_3": "/subscriptions/cc7b1513-5bf6-41fb-b528-fb9281164880/resourceGroups/thornterraformv1-rg/providers/Microsoft.Network/virtualNetworks/VnetTFTest/subnets/subnet_3"
      },
      "type": [
        "object",
        {
          "bastion_subnet": "string",
          "subnet_1": "string",
          "subnet_2": "string",
          "subnet_3": "string"
        }
      ]
    },
    "bastion_pubip": {
      "value": "20.108.170.97",
      "type": "string"
    }
  },
  "resources": [
    {
      "mode": "managed",
      "type": "azurerm_bastion_host",
      "name": "bastion_host",
      "provider": "provider[\"registry.terraform.io/hashicorp/azurerm\"]",
      "instances": [
        {
          "schema_version": 0,
          "attributes": {
            "copy_paste_enabled": true,
            "dns_name": "bst-6b10f29d-f88d-4e41-917d-dd2c4907ba30.bastion.azure.com",
            "file_copy_enabled": false,
            "id": "/subscriptions/cc7b1513-5bf6-41fb-b528-fb9281164880/resourceGroups/thornterraformv1-rg/providers/Microsoft.Network/bastionHosts/BastionHost",
            "ip_configuration": [
              {
                "name": "bastion_config",
                "public_ip_address_id": "/subscriptions/cc7b1513-5bf6-41fb-b528-fb9281164880/resourceGroups/thornterraformv1-rg/providers/Microsoft.Network/publicIPAddresses/BastionHostPubIP",
                "subnet_id": "/subscriptions/cc7b1513-5bf6-41fb-b528-fb9281164880/resourceGroups/thornterraformv1-rg/providers/Microsoft.Network/virtualNetworks/VnetTFTest/subnets/AzureBastionSubnet"
              }
            ],
            "ip_connect_enabled": false,
            "location": "uksouth",
            "name": "BastionHost",
            "resource_group_name": "thornterraformv1-rg",
            "scale_units": 2,
            "shareable_link_enabled": false,
            "sku": "Basic",
            "tags": {
              "Environment": "Lab",
              "Owner": "Thomas Horn"
            },
            "timeouts": null,
            "tunneling_enabled": false
          },
          "sensitive_attributes": [],
          "private": "eyJlMmJmYjczMC1lY2FhLTExZTYtOGY4OC0zNDM2M2JjN2M0YzAiOnsiY3JlYXRlIjoxODAwMDAwMDAwMDAwLCJkZWxldGUiOjE4MDAwMDAwMDAwMDAsInJlYWQiOjMwMDAwMDAwMDAwMCwidXBkYXRlIjoxODAwMDAwMDAwMDAwfX0=",
          "dependencies": [
            "azurerm_public_ip.bastion_pubip",
            "azurerm_resource_group.vnet_rg",
            "azurerm_subnet.subnet",
            "azurerm_virtual_network.vnet"
          ]
        }
      ]
    },
    {
      "mode": "managed",
      "type": "azurerm_public_ip",
      "name": "bastion_pubip",
      "provider": "provider[\"registry.terraform.io/hashicorp/azurerm\"]",
      "instances": [
        {
          "schema_version": 0,
          "attributes": {
            "allocation_method": "Static",
            "domain_name_label": null,
            "edge_zone": "",
            "fqdn": null,
            "id": "/subscriptions/cc7b1513-5bf6-41fb-b528-fb9281164880/resourceGroups/thornterraformv1-rg/providers/Microsoft.Network/publicIPAddresses/BastionHostPubIP",
            "idle_timeout_in_minutes": 4,
            "ip_address": "20.108.170.97",
            "ip_tags": null,
            "ip_version": "IPv4",
            "location": "uksouth",
            "name": "BastionHostPubIP",
            "public_ip_prefix_id": null,
            "resource_group_name": "thornterraformv1-rg",
            "reverse_fqdn": null,
            "sku": "Standard",
            "sku_tier": "Regional",
            "tags": {
              "Environment": "Lab",
              "Owner": "Thomas Horn"
            },
            "timeouts": null,
            "zones": null
          },
          "sensitive_attributes": [],
          "private": "eyJlMmJmYjczMC1lY2FhLTExZTYtOGY4OC0zNDM2M2JjN2M0YzAiOnsiY3JlYXRlIjoxODAwMDAwMDAwMDAwLCJkZWxldGUiOjE4MDAwMDAwMDAwMDAsInJlYWQiOjMwMDAwMDAwMDAwMCwidXBkYXRlIjoxODAwMDAwMDAwMDAwfX0="
        }
      ]
    },
    {
      "mode": "managed",
      "type": "azurerm_resource_group",
      "name": "vnet_rg",
      "provider": "provider[\"registry.terraform.io/hashicorp/azurerm\"]",
      "instances": [
        {
          "schema_version": 0,
          "attributes": {
            "id": "/subscriptions/cc7b1513-5bf6-41fb-b528-fb9281164880/resourceGroups/thornterraformv1-rg",
            "location": "uksouth",
            "name": "thornterraformv1-rg",
            "tags": {},
            "timeouts": null
          },
          "sensitive_attributes": [],
          "private": "eyJlMmJmYjczMC1lY2FhLTExZTYtOGY4OC0zNDM2M2JjN2M0YzAiOnsiY3JlYXRlIjo1NDAwMDAwMDAwMDAwLCJkZWxldGUiOjU0MDAwMDAwMDAwMDAsInJlYWQiOjMwMDAwMDAwMDAwMCwidXBkYXRlIjo1NDAwMDAwMDAwMDAwfX0="
        }
      ]
    },
    {
      "mode": "managed",
      "type": "azurerm_subnet",
      "name": "subnet",
      "provider": "provider[\"registry.terraform.io/hashicorp/azurerm\"]",
      "instances": [
        {
          "index_key": "bastion_subnet",
          "schema_version": 0,
          "attributes": {
            "address_prefixes": [
              "10.13.250.0/24"
            ],
            "delegation": [],
            "enforce_private_link_endpoint_network_policies": false,
            "enforce_private_link_service_network_policies": false,
            "id": "/subscriptions/cc7b1513-5bf6-41fb-b528-fb9281164880/resourceGroups/thornterraformv1-rg/providers/Microsoft.Network/virtualNetworks/VnetTFTest/subnets/AzureBastionSubnet",
            "name": "AzureBastionSubnet",
            "private_endpoint_network_policies_enabled": true,
            "private_link_service_network_policies_enabled": true,
            "resource_group_name": "thornterraformv1-rg",
            "service_endpoint_policy_ids": null,
            "service_endpoints": null,
            "timeouts": null,
            "virtual_network_name": "VnetTFTest"
          },
          "sensitive_attributes": [],
          "private": "eyJlMmJmYjczMC1lY2FhLTExZTYtOGY4OC0zNDM2M2JjN2M0YzAiOnsiY3JlYXRlIjoxODAwMDAwMDAwMDAwLCJkZWxldGUiOjE4MDAwMDAwMDAwMDAsInJlYWQiOjMwMDAwMDAwMDAwMCwidXBkYXRlIjoxODAwMDAwMDAwMDAwfX0=",
          "dependencies": [
            "azurerm_virtual_network.vnet"
          ]
        },
        {
          "index_key": "subnet_1",
          "schema_version": 0,
          "attributes": {
            "address_prefixes": [
              "10.13.1.0/24"
            ],
            "delegation": [],
            "enforce_private_link_endpoint_network_policies": false,
            "enforce_private_link_service_network_policies": false,
            "id": "/subscriptions/cc7b1513-5bf6-41fb-b528-fb9281164880/resourceGroups/thornterraformv1-rg/providers/Microsoft.Network/virtualNetworks/VnetTFTest/subnets/subnet_1",
            "name": "subnet_1",
            "private_endpoint_network_policies_enabled": true,
            "private_link_service_network_policies_enabled": true,
            "resource_group_name": "thornterraformv1-rg",
            "service_endpoint_policy_ids": null,
            "service_endpoints": null,
            "timeouts": null,
            "virtual_network_name": "VnetTFTest"
          },
          "sensitive_attributes": [],
          "private": "eyJlMmJmYjczMC1lY2FhLTExZTYtOGY4OC0zNDM2M2JjN2M0YzAiOnsiY3JlYXRlIjoxODAwMDAwMDAwMDAwLCJkZWxldGUiOjE4MDAwMDAwMDAwMDAsInJlYWQiOjMwMDAwMDAwMDAwMCwidXBkYXRlIjoxODAwMDAwMDAwMDAwfX0=",
          "dependencies": [
            "azurerm_virtual_network.vnet"
          ]
        },
        {
          "index_key": "subnet_2",
          "schema_version": 0,
          "attributes": {
            "address_prefixes": [
              "10.13.2.0/24"
            ],
            "delegation": [],
            "enforce_private_link_endpoint_network_policies": false,
            "enforce_private_link_service_network_policies": false,
            "id": "/subscriptions/cc7b1513-5bf6-41fb-b528-fb9281164880/resourceGroups/thornterraformv1-rg/providers/Microsoft.Network/virtualNetworks/VnetTFTest/subnets/subnet_2",
            "name": "subnet_2",
            "private_endpoint_network_policies_enabled": true,
            "private_link_service_network_policies_enabled": true,
            "resource_group_name": "thornterraformv1-rg",
            "service_endpoint_policy_ids": null,
            "service_endpoints": null,
            "timeouts": null,
            "virtual_network_name": "VnetTFTest"
          },
          "sensitive_attributes": [],
          "private": "eyJlMmJmYjczMC1lY2FhLTExZTYtOGY4OC0zNDM2M2JjN2M0YzAiOnsiY3JlYXRlIjoxODAwMDAwMDAwMDAwLCJkZWxldGUiOjE4MDAwMDAwMDAwMDAsInJlYWQiOjMwMDAwMDAwMDAwMCwidXBkYXRlIjoxODAwMDAwMDAwMDAwfX0=",
          "dependencies": [
            "azurerm_virtual_network.vnet"
          ]
        },
        {
          "index_key": "subnet_3",
          "schema_version": 0,
          "attributes": {
            "address_prefixes": [
              "10.13.3.0/24"
            ],
            "delegation": [],
            "enforce_private_link_endpoint_network_policies": false,
            "enforce_private_link_service_network_policies": false,
            "id": "/subscriptions/cc7b1513-5bf6-41fb-b528-fb9281164880/resourceGroups/thornterraformv1-rg/providers/Microsoft.Network/virtualNetworks/VnetTFTest/subnets/subnet_3",
            "name": "subnet_3",
            "private_endpoint_network_policies_enabled": true,
            "private_link_service_network_policies_enabled": true,
            "resource_group_name": "thornterraformv1-rg",
            "service_endpoint_policy_ids": null,
            "service_endpoints": null,
            "timeouts": null,
            "virtual_network_name": "VnetTFTest"
          },
          "sensitive_attributes": [],
          "private": "eyJlMmJmYjczMC1lY2FhLTExZTYtOGY4OC0zNDM2M2JjN2M0YzAiOnsiY3JlYXRlIjoxODAwMDAwMDAwMDAwLCJkZWxldGUiOjE4MDAwMDAwMDAwMDAsInJlYWQiOjMwMDAwMDAwMDAwMCwidXBkYXRlIjoxODAwMDAwMDAwMDAwfX0=",
          "dependencies": [
            "azurerm_virtual_network.vnet"
          ]
        }
      ]
    },
    {
      "mode": "managed",
      "type": "azurerm_virtual_network",
      "name": "vnet",
      "provider": "provider[\"registry.terraform.io/hashicorp/azurerm\"]",
      "instances": [
        {
          "schema_version": 0,
          "attributes": {
            "address_space": [
              "10.13.0.0/16"
            ],
            "bgp_community": "",
            "ddos_protection_plan": [],
            "dns_servers": [],
            "edge_zone": "",
            "flow_timeout_in_minutes": 0,
            "guid": "4fb84e72-baf7-41eb-90a4-7ac0805b0c8b",
            "id": "/subscriptions/cc7b1513-5bf6-41fb-b528-fb9281164880/resourceGroups/thornterraformv1-rg/providers/Microsoft.Network/virtualNetworks/VnetTFTest",
            "location": "uksouth",
            "name": "VnetTFTest",
            "resource_group_name": "thornterraformv1-rg",
            "subnet": [],
            "tags": null,
            "timeouts": null
          },
          "sensitive_attributes": [],
          "private": "eyJlMmJmYjczMC1lY2FhLTExZTYtOGY4OC0zNDM2M2JjN2M0YzAiOnsiY3JlYXRlIjoxODAwMDAwMDAwMDAwLCJkZWxldGUiOjE4MDAwMDAwMDAwMDAsInJlYWQiOjMwMDAwMDAwMDAwMCwidXBkYXRlIjoxODAwMDAwMDAwMDAwfX0="
        }
      ]
    }
  ]
}
