{
  "version": 4,
  "terraform_version": "1.2.7",
  "serial": 35,
  "lineage": "564bf906-92cb-83a3-f24b-424d94241a2f",
  "outputs": {},
  "resources": [
    {
      "module": "module.Network",
      "mode": "managed",
      "type": "azurerm_subnet",
      "name": "example",
      "provider": "provider[\"registry.terraform.io/hashicorp/azurerm\"]",
      "instances": [
        {
          "schema_version": 0,
          "attributes": {
            "address_prefixes": [
              "10.0.0.0/24"
            ],
            "delegation": [],
            "enforce_private_link_endpoint_network_policies": false,
            "enforce_private_link_service_network_policies": false,
            "id": "/subscriptions/cc7b1513-5bf6-41fb-b528-fb9281164880/resourceGroups/thornterra1-rg/providers/Microsoft.Network/virtualNetworks/thornvnet/subnets/thornsubnet",
            "name": "thornsubnet",
            "private_endpoint_network_policies_enabled": true,
            "private_link_service_network_policies_enabled": true,
            "resource_group_name": "thornterra1-rg",
            "service_endpoint_policy_ids": null,
            "service_endpoints": null,
            "timeouts": null,
            "virtual_network_name": "thornvnet"
          },
          "sensitive_attributes": [],
          "private": "eyJlMmJmYjczMC1lY2FhLTExZTYtOGY4OC0zNDM2M2JjN2M0YzAiOnsiY3JlYXRlIjoxODAwMDAwMDAwMDAwLCJkZWxldGUiOjE4MDAwMDAwMDAwMDAsInJlYWQiOjMwMDAwMDAwMDAwMCwidXBkYXRlIjoxODAwMDAwMDAwMDAwfX0=",
          "dependencies": [
            "module.ResourceGroup.azurerm_resource_group.example"
          ]
        }
      ]
    },
    {
      "module": "module.Network",
      "mode": "managed",
      "type": "azurerm_virtual_network",
      "name": "example",
      "provider": "provider[\"registry.terraform.io/hashicorp/azurerm\"]",
      "instances": [
        {
          "schema_version": 0,
          "attributes": {
            "address_space": [
              "10.0.0.0/16"
            ],
            "bgp_community": "",
            "ddos_protection_plan": [],
            "dns_servers": [
              "10.0.0.4"
            ],
            "edge_zone": "",
            "flow_timeout_in_minutes": 0,
            "guid": "19fa88d2-342c-46ca-8a0d-3296d6fed044",
            "id": "/subscriptions/cc7b1513-5bf6-41fb-b528-fb9281164880/resourceGroups/thornterra1-rg/providers/Microsoft.Network/virtualNetworks/thornvnet",
            "location": "uksouth",
            "name": "thornvnet",
            "resource_group_name": "thornterra1-rg",
            "subnet": [],
            "tags": {},
            "timeouts": null
          },
          "sensitive_attributes": [],
          "private": "eyJlMmJmYjczMC1lY2FhLTExZTYtOGY4OC0zNDM2M2JjN2M0YzAiOnsiY3JlYXRlIjoxODAwMDAwMDAwMDAwLCJkZWxldGUiOjE4MDAwMDAwMDAwMDAsInJlYWQiOjMwMDAwMDAwMDAwMCwidXBkYXRlIjoxODAwMDAwMDAwMDAwfX0=",
          "dependencies": [
            "module.ResourceGroup.azurerm_resource_group.example"
          ]
        }
      ]
    },
    {
      "module": "module.ResourceGroup",
      "mode": "managed",
      "type": "azurerm_resource_group",
      "name": "example",
      "provider": "provider[\"registry.terraform.io/hashicorp/azurerm\"]",
      "instances": [
        {
          "schema_version": 0,
          "attributes": {
            "id": "/subscriptions/cc7b1513-5bf6-41fb-b528-fb9281164880/resourceGroups/thornterra1-rg",
            "location": "uksouth",
            "name": "thornterra1-rg",
            "tags": {},
            "timeouts": null
          },
          "sensitive_attributes": [],
          "private": "eyJlMmJmYjczMC1lY2FhLTExZTYtOGY4OC0zNDM2M2JjN2M0YzAiOnsiY3JlYXRlIjo1NDAwMDAwMDAwMDAwLCJkZWxldGUiOjU0MDAwMDAwMDAwMDAsInJlYWQiOjMwMDAwMDAwMDAwMCwidXBkYXRlIjo1NDAwMDAwMDAwMDAwfX0="
        }
      ]
    },
    {
      "module": "module.StorageAccount",
      "mode": "managed",
      "type": "azurerm_storage_account",
      "name": "example",
      "provider": "provider[\"registry.terraform.io/hashicorp/azurerm\"]",
      "instances": [
        {
          "schema_version": 3,
          "attributes": {
            "access_tier": "Hot",
            "account_kind": "StorageV2",
            "account_replication_type": "ZRS",
            "account_tier": "Standard",
            "allow_nested_items_to_be_public": true,
            "azure_files_authentication": [],
            "blob_properties": [
              {
                "change_feed_enabled": false,
                "change_feed_retention_in_days": 0,
                "container_delete_retention_policy": [],
                "cors_rule": [],
                "default_service_version": "",
                "delete_retention_policy": [],
                "last_access_time_enabled": false,
                "versioning_enabled": false
              }
            ],
            "cross_tenant_replication_enabled": true,
            "custom_domain": [],
            "customer_managed_key": [],
            "default_to_oauth_authentication": false,
            "edge_zone": "",
            "enable_https_traffic_only": true,
            "id": "/subscriptions/cc7b1513-5bf6-41fb-b528-fb9281164880/resourceGroups/thornterra1-rg/providers/Microsoft.Storage/storageAccounts/thornterra123stvm",
            "identity": [],
            "infrastructure_encryption_enabled": false,
            "is_hns_enabled": false,
            "large_file_share_enabled": null,
            "location": "uksouth",
            "min_tls_version": "TLS1_2",
            "name": "thornterra123stvm",
            "network_rules": [
              {
                "bypass": [
                  "AzureServices"
                ],
                "default_action": "Allow",
                "ip_rules": [],
                "private_link_access": [],
                "virtual_network_subnet_ids": []
              }
            ],
            "nfsv3_enabled": false,
            "primary_access_key": "a22cllQsW8u6wIJaD9JDW3M4/H5ickjkxNSSapZg9kZ12HsyULL4VJwCQkfxPbOD5ccyeiGWWQr++ASt1i/MZQ==",
            "primary_blob_connection_string": "DefaultEndpointsProtocol=https;BlobEndpoint=https://thornterra123stvm.blob.core.windows.net/;AccountName=thornterra123stvm;AccountKey=a22cllQsW8u6wIJaD9JDW3M4/H5ickjkxNSSapZg9kZ12HsyULL4VJwCQkfxPbOD5ccyeiGWWQr++ASt1i/MZQ==",
            "primary_blob_endpoint": "https://thornterra123stvm.blob.core.windows.net/",
            "primary_blob_host": "thornterra123stvm.blob.core.windows.net",
            "primary_connection_string": "DefaultEndpointsProtocol=https;AccountName=thornterra123stvm;AccountKey=a22cllQsW8u6wIJaD9JDW3M4/H5ickjkxNSSapZg9kZ12HsyULL4VJwCQkfxPbOD5ccyeiGWWQr++ASt1i/MZQ==;EndpointSuffix=core.windows.net",
            "primary_dfs_endpoint": "https://thornterra123stvm.dfs.core.windows.net/",
            "primary_dfs_host": "thornterra123stvm.dfs.core.windows.net",
            "primary_file_endpoint": "https://thornterra123stvm.file.core.windows.net/",
            "primary_file_host": "thornterra123stvm.file.core.windows.net",
            "primary_location": "uksouth",
            "primary_queue_endpoint": "https://thornterra123stvm.queue.core.windows.net/",
            "primary_queue_host": "thornterra123stvm.queue.core.windows.net",
            "primary_table_endpoint": "https://thornterra123stvm.table.core.windows.net/",
            "primary_table_host": "thornterra123stvm.table.core.windows.net",
            "primary_web_endpoint": "https://thornterra123stvm.z33.web.core.windows.net/",
            "primary_web_host": "thornterra123stvm.z33.web.core.windows.net",
            "public_network_access_enabled": true,
            "queue_encryption_key_type": "Service",
            "queue_properties": [
              {
                "cors_rule": [],
                "hour_metrics": [
                  {
                    "enabled": true,
                    "include_apis": true,
                    "retention_policy_days": 7,
                    "version": "1.0"
                  }
                ],
                "logging": [
                  {
                    "delete": false,
                    "read": false,
                    "retention_policy_days": 0,
                    "version": "1.0",
                    "write": false
                  }
                ],
                "minute_metrics": [
                  {
                    "enabled": false,
                    "include_apis": false,
                    "retention_policy_days": 0,
                    "version": "1.0"
                  }
                ]
              }
            ],
            "resource_group_name": "thornterra1-rg",
            "routing": [],
            "secondary_access_key": "WAY+TXwti3/86DUZFDRMfz94WUYtfturEdO+Qt/vD98AHADb7PDWPmCSD2gKS6z3pFaks+Yii34D+AStbB4Emw==",
            "secondary_blob_connection_string": "",
            "secondary_blob_endpoint": null,
            "secondary_blob_host": null,
            "secondary_connection_string": "DefaultEndpointsProtocol=https;AccountName=thornterra123stvm;AccountKey=WAY+TXwti3/86DUZFDRMfz94WUYtfturEdO+Qt/vD98AHADb7PDWPmCSD2gKS6z3pFaks+Yii34D+AStbB4Emw==;EndpointSuffix=core.windows.net",
            "secondary_dfs_endpoint": null,
            "secondary_dfs_host": null,
            "secondary_file_endpoint": null,
            "secondary_file_host": null,
            "secondary_location": "",
            "secondary_queue_endpoint": null,
            "secondary_queue_host": null,
            "secondary_table_endpoint": null,
            "secondary_table_host": null,
            "secondary_web_endpoint": null,
            "secondary_web_host": null,
            "share_properties": [
              {
                "cors_rule": [],
                "retention_policy": [
                  {
                    "days": 7
                  }
                ],
                "smb": []
              }
            ],
            "shared_access_key_enabled": true,
            "static_website": [],
            "table_encryption_key_type": "Service",
            "tags": {},
            "timeouts": null
          },
          "sensitive_attributes": [],
          "private": "eyJlMmJmYjczMC1lY2FhLTExZTYtOGY4OC0zNDM2M2JjN2M0YzAiOnsiY3JlYXRlIjozNjAwMDAwMDAwMDAwLCJkZWxldGUiOjM2MDAwMDAwMDAwMDAsInJlYWQiOjMwMDAwMDAwMDAwMCwidXBkYXRlIjozNjAwMDAwMDAwMDAwfSwic2NoZW1hX3ZlcnNpb24iOiIzIn0=",
          "dependencies": [
            "module.ResourceGroup.azurerm_resource_group.example"
          ]
        }
      ]
    }
  ]
}
